<?xml version="1.0" encoding="utf-8"?>
<Project ToolsVersion="17.0" xmlns="http://schemas.microsoft.com/developer/msbuild/2003">
  <ItemGroup>
    <ClCompile Include="C:\Users\ivano\source\repos\Proj2\Sources\Game\Character.cpp">
      <Filter>Source Files\Game</Filter>
    </ClCompile>
    <ClCompile Include="C:\Users\ivano\source\repos\Proj2\Sources\Game\Weapon.cpp">
      <Filter>Source Files\Game</Filter>
    </ClCompile>
  </ItemGroup>
  <ItemGroup>
    <ClInclude Include="C:\Users\ivano\source\repos\Proj2\Sources\Game\Character.h">
      <Filter>Header Files\Game</Filter>
    </ClInclude>
    <ClInclude Include="C:\Users\ivano\source\repos\Proj2\Sources\Game\Weapon.h">
      <Filter>Header Files\Game</Filter>
    </ClInclude>
  </ItemGroup>
  <ItemGroup>
    <CustomBuild Include="C:\Users\ivano\source\repos\Proj2\CMakeLists.txt" />
  </ItemGroup>
  <ItemGroup>
    <Filter Include="Header Files">
      <UniqueIdentifier>{552CE01E-86C9-3019-A8AC-81B81A436DC7}</UniqueIdentifier>
    </Filter>
    <Filter Include="Header Files\Game">
      <UniqueIdentifier>{326C5E51-3F04-3A49-9FC3-F028C88E4BDA}</UniqueIdentifier>
    </Filter>
    <Filter Include="Source Files">
      <UniqueIdentifier>{283128B0-92B0-326E-B92C-4ABF3BF99A55}</UniqueIdentifier>
    </Filter>
    <Filter Include="Source Files\Game">
      <UniqueIdentifier>{090ED6D7-63A8-3427-9956-9028FF967622}</UniqueIdentifier>
    </Filter>
  </ItemGroup>
</Project>
